{
  "name": "blob",
  "version": "1.0.0",
  "lockfileVersion": 3,
  "requires": true,
  "packages": {
    "": {
      "name": "blob",
      "version": "1.0.0",
      "license": "ISC",
      "dependencies": {
        "@mediapipe/tasks-vision": "^0.10.8"
      },
      "devDependencies": {
        "typescript": "^5.3.2"
      }
    },
    "node_modules/@mediapipe/tasks-vision": {
      "version": "0.10.8",
      "resolved": "https://registry.npmjs.org/@mediapipe/tasks-vision/-/tasks-vision-0.10.8.tgz",
      "integrity": "sha512-Rp7ll8BHrKB3wXaRFKhrltwZl1CiXGdibPxuWXvqGnKTnv8fqa/nvftYNuSbf+pbJWKYCXdBtYTITdAUTGGh0Q=="
    },
    "node_modules/typescript": {
      "version": "5.3.2",
      "resolved": "https://registry.npmjs.org/typescript/-/typescript-5.3.2.tgz",
      "integrity": "sha512-6l+RyNy7oAHDfxC4FzSJcz9vnjTKxrLpDG5M2Vu4SHRVNg6xzqZp6LYSR9zjqQTu8DU/f5xwxUdADOkbrIX2gQ==",
      "dev": true,
      "bin": {
        "tsc": "bin/tsc",
        "tsserver": "bin/tsserver"
      },
      "engines": {
        "node": ">=14.17"
      }
    }
  }
}
